
Microsoft Visual Studio Solution File, Format Version 12.00
# Visual Studio 15
VisualStudioVersion = 15.0.27703.2018
MinimumVisualStudioVersion = 10.0.40219.1
Project("{2150E333-8FDC-42A3-9474-1A3956D46DE8}") = "src", "src", "{AF61B30A-ECAC-4736-91B1-81A769402E03}"
EndProject
Project("{2150E333-8FDC-42A3-9474-1A3956D46DE8}") = "tst", "tst", "{E274DB18-1B71-48A0-813F-714AC22BE16E}"
EndProject
Project("{FAE04EC0-301F-11D3-BF4B-00C04F79EFBC}") = "KB", "src\KB\KB.csproj", "{D851AA7D-633D-4A11-83FA-9539C5313131}"
EndProject
Global
	GlobalSection(SolutionConfigurationPlatforms) = preSolution
		Debug|Any CPU = Debug|Any CPU
		Release|Any CPU = Release|Any CPU
	EndGlobalSection
	GlobalSection(ProjectConfigurationPlatforms) = postSolution
		{D851AA7D-633D-4A11-83FA-9539C5313131}.Debug|Any CPU.ActiveCfg = Debug|Any CPU
		{D851AA7D-633D-4A11-83FA-9539C5313131}.Debug|Any CPU.Build.0 = Debug|Any CPU
		{D851AA7D-633D-4A11-83FA-9539C5313131}.Release|Any CPU.ActiveCfg = Release|Any CPU
		{D851AA7D-633D-4A11-83FA-9539C5313131}.Release|Any CPU.Build.0 = Release|Any CPU
	EndGlobalSection
	GlobalSection(SolutionProperties) = preSolution
		HideSolutionNode = FALSE
	EndGlobalSection
	GlobalSection(NestedProjects) = preSolution
		{D851AA7D-633D-4A11-83FA-9539C5313131} = {AF61B30A-ECAC-4736-91B1-81A769402E03}
	EndGlobalSection
	GlobalSection(ExtensibilityGlobals) = postSolution
		SolutionGuid = {F85705DB-DBD7-4A17-B8FB-427BFFAEFD6D}
	EndGlobalSection
EndGlobal
